
Microsoft Visual Studio Solution File, Format Version 12.00
Project("{FAE04EC0-301F-11D3-BF4B-00C04F79EFBC}") = "TreeC4_5", "TreeC4_5\TreeC4_5.csproj", "{1E59DFD9-53F6-461C-AB26-9EAD1CD2B29E}"
EndProject
Global
	GlobalSection(SolutionConfigurationPlatforms) = preSolution
		Debug|Any CPU = Debug|Any CPU
		Release|Any CPU = Release|Any CPU
	EndGlobalSection
	GlobalSection(ProjectConfigurationPlatforms) = postSolution
		{1E59DFD9-53F6-461C-AB26-9EAD1CD2B29E}.Debug|Any CPU.ActiveCfg = Debug|Any CPU
		{1E59DFD9-53F6-461C-AB26-9EAD1CD2B29E}.Debug|Any CPU.Build.0 = Debug|Any CPU
		{1E59DFD9-53F6-461C-AB26-9EAD1CD2B29E}.Release|Any CPU.ActiveCfg = Release|Any CPU
		{1E59DFD9-53F6-461C-AB26-9EAD1CD2B29E}.Release|Any CPU.Build.0 = Release|Any CPU
	EndGlobalSection
EndGlobal
